// !$*UTF8*$!
{
	archiveVersion = 1;
	classes = {
	};
	objectVersion = 46;
	objects = {

/* Begin PBXBuildFile section */
		FCD4237E1D4BD67B0089E3EA /* AppDelegate.swift in Sources */ = {isa = PBXBuildFile; fileRef = FCD4237D1D4BD67B0089E3EA /* AppDelegate.swift */; };
		FCD423801D4BD67B0089E3EA /* ViewController.swift in Sources */ = {isa = PBXBuildFile; fileRef = FCD4237F1D4BD67B0089E3EA /* ViewController.swift */; };
		FCD423831D4BD67B0089E3EA /* Main.storyboard in Resources */ = {isa = PBXBuildFile; fileRef = FCD423811D4BD67B0089E3EA /* Main.storyboard */; };
		FCD423851D4BD67B0089E3EA /* Assets.xcassets in Resources */ = {isa = PBXBuildFile; fileRef = FCD423841D4BD67B0089E3EA /* Assets.xcassets */; };
		FCD423881D4BD67B0089E3EA /* LaunchScreen.storyboard in Resources */ = {isa = PBXBuildFile; fileRef = FCD423861D4BD67B0089E3EA /* LaunchScreen.storyboard */; };
/* End PBXBuildFile section */

/* Begin PBXFileReference section */
		FCD4237A1D4BD67B0089E3EA /* Sportz4Dayz.app */ = {isa = PBXFileReference; explicitFileType = wrapper.application; includeInIndex = 0; path = Sportz4Dayz.app; sourceTree = BUILT_PRODUCTS_DIR; };
		FCD4237D1D4BD67B0089E3EA /* AppDelegate.swift */ = {isa = PBXFileReference; lastKnownFileType = sourcecode.swift; path = AppDelegate.swift; sourceTree = "<group>"; };
		FCD4237F1D4BD67B0089E3EA /* ViewController.swift */ = {isa = PBXFileReference; lastKnownFileType = sourcecode.swift; path = ViewController.swift; sourceTree = "<group>"; };
		FCD423821D4BD67B0089E3EA /* Base */ = {isa = PBXFileReference; lastKnownFileType = file.storyboard; name = Base; path = Base.lproj/Main.storyboard; sourceTree = "<group>"; };
		FCD423841D4BD67B0089E3EA /* Assets.xcassets */ = {isa = PBXFileReference; lastKnownFileType = folder.assetcatalog; path = Assets.xcassets; sourceTree = "<group>"; };
		FCD423871D4BD67B0089E3EA /* Base */ = {isa = PBXFileReference; lastKnownFileType = file.storyboard; name = Base; path = Base.lproj/LaunchScreen.storyboard; sourceTree = "<group>"; };
		FCD423891D4BD67B0089E3EA /* Info.plist */ = {isa = PBXFileReference; lastKnownFileType = text.plist.xml; path = Info.plist; sourceTree = "<group>"; };
/* End PBXFileReference section */

/* Begin PBXFrameworksBuildPhase section */
		FCD423771D4BD67B0089E3EA /* Frameworks */ = {
			isa = PBXFrameworksBuildPhase;
			buildActionMask = 2147483647;
			files = (
			);
			runOnlyForDeploymentPostprocessing = 0;
		};
/* End PBXFrameworksBuildPhase section */

/* Begin PBXGroup section */
		FCD423711D4BD67B0089E3EA = {
			isa = PBXGroup;
			children = (
				FCD4237C1D4BD67B0089E3EA /* Sportz4Dayz */,
				FCD4237B1D4BD67B0089E3EA /* Products */,
			);
			sourceTree = "<group>";
		};
		FCD4237B1D4BD67B0089E3EA /* Products */ = {
			isa = PBXGroup;
			children = (
				FCD4237A1D4BD67B0089E3EA /* Sportz4Dayz.app */,
			);
			name = Products;
			sourceTree = "<group>";
		};
		FCD4237C1D4BD67B0089E3EA /* Sportz4Dayz */ = {
			isa = PBXGroup;
			children = (
				FCD4237D1D4BD67B0089E3EA /* AppDelegate.swift */,
				FCD4237F1D4BD67B0089E3EA /* ViewController.swift */,
				FCD423811D4BD67B0089E3EA /* Main.storyboard */,
				FCD423841D4BD67B0089E3EA /* Assets.xcassets */,
				FCD423861D4BD67B0089E3EA /* LaunchScreen.storyboard */,
				FCD423891D4BD67B0089E3EA /* Info.plist */,
			);
			path = Sportz4Dayz;
			sourceTree = "<group>";
		};
/* End PBXGroup section */

/* Begin PBXNativeTarget section */
		FCD423791D4BD67B0089E3EA /* Sportz4Dayz */ = {
			isa = PBXNativeTarget;
			buildConfigurationList = FCD4238C1D4BD67B0089E3EA /* Build configuration list for PBXNativeTarget "Sportz4Dayz" */;
			buildPhases = (
				FCD423761D4BD67B0089E3EA /* Sources */,
				FCD423771D4BD67B0089E3EA /* Frameworks */,
				FCD423781D4BD67B0089E3EA /* Resources */,
			);
			buildRules = (
			);
			dependencies = (
			);
			name = Sportz4Dayz;
			productName = Sportz4Dayz;
			productReference = FCD4237A1D4BD67B0089E3EA /* Sportz4Dayz.app */;
			productType = "com.apple.product-type.application";
		};
/* End PBXNativeTarget section */

/* Begin PBXProject section */
		FCD423721D4BD67B0089E3EA /* Project object */ = {
			isa = PBXProject;
			attributes = {
				LastSwiftUpdateCheck = 0730;
				LastUpgradeCheck = 0730;
				ORGANIZATIONNAME = "Bobby Solberg";
				TargetAttributes = {
					FCD423791D4BD67B0089E3EA = {
						CreatedOnToolsVersion = 7.3;
					};
				};
			};
			buildConfigurationList = FCD423751D4BD67B0089E3EA /* Build configuration list for PBXProject "Sportz4Dayz" */;
			compatibilityVersion = "Xcode 3.2";
			developmentRegion = English;
			hasScannedForEncodings = 0;
			knownRegions = (
				en,
				Base,
			);
			mainGroup = FCD423711D4BD67B0089E3EA;
			productRefGroup = FCD4237B1D4BD67B0089E3EA /* Products */;
			projectDirPath = "";
			projectRoot = "";
			targets = (
				FCD423791D4BD67B0089E3EA /* Sportz4Dayz */,
			);
		};
/* End PBXProject section */

/* Begin PBXResourcesBuildPhase section */
		FCD423781D4BD67B0089E3EA /* Resources */ = {
			isa = PBXResourcesBuildPhase;
			buildActionMask = 2147483647;
			files = (
				FCD423881D4BD67B0089E3EA /* LaunchScreen.storyboard in Resources */,
				FCD423851D4BD67B0089E3EA /* Assets.xcassets in Resources */,
				FCD423831D4BD67B0089E3EA /* Main.storyboard in Resources */,
			);
			runOnlyForDeploymentPostprocessing = 0;
		};
/* End PBXResourcesBuildPhase section */

/* Begin PBXSourcesBuildPhase section */
		FCD423761D4BD67B0089E3EA /* Sources */ = {
			isa = PBXSourcesBuildPhase;
			buildActionMask = 2147483647;
			files = (
				FCD423801D4BD67B0089E3EA /* ViewController.swift in Sources */,
				FCD4237E1D4BD67B0089E3EA /* AppDelegate.swift in Sources */,
			);
			runOnlyForDeploymentPostprocessing = 0;
		};
/* End PBXSourcesBuildPhase section */

/* Begin PBXVariantGroup section */
		FCD423811D4BD67B0089E3EA /* Main.storyboard */ = {
			isa = PBXVariantGroup;
			children = (
				FCD423821D4BD67B0089E3EA /* Base */,
			);
			name = Main.storyboard;
			sourceTree = "<group>";
		};
		FCD423861D4BD67B0089E3EA /* LaunchScreen.storyboard */ = {
			isa = PBXVariantGroup;
			children = (
				FCD423871D4BD67B0089E3EA /* Base */,
			);
			name = LaunchScreen.storyboard;
			sourceTree = "<group>";
		};
/* End PBXVariantGroup section */

/* Begin XCBuildConfiguration section */
		FCD4238A1D4BD67B0089E3EA /* Debug */ = {
			isa = XCBuildConfiguration;
			buildSettings = {
				ALWAYS_SEARCH_USER_PATHS = NO;
				CLANG_ANALYZER_NONNULL = YES;
				CLANG_CXX_LANGUAGE_STANDARD = "gnu++0x";
				CLANG_CXX_LIBRARY = "libc++";
				CLANG_ENABLE_MODULES = YES;
				CLANG_ENABLE_OBJC_ARC = YES;
				CLANG_WARN_BOOL_CONVERSION = YES;
				CLANG_WARN_CONSTANT_CONVERSION = YES;
				CLANG_WARN_DIRECT_OBJC_ISA_USAGE = YES_ERROR;
				CLANG_WARN_EMPTY_BODY = YES;
				CLANG_WARN_ENUM_CONVERSION = YES;
				CLANG_WARN_INT_CONVERSION = YES;
				CLANG_WARN_OBJC_ROOT_CLASS = YES_ERROR;
				CLANG_WARN_UNREACHABLE_CODE = YES;
				CLANG_WARN__DUPLICATE_METHOD_MATCH = YES;
				"CODE_SIGN_IDENTITY[sdk=iphoneos*]" = "iPhone Developer";
				COPY_PHASE_STRIP = NO;
				DEBUG_INFORMATION_FORMAT = dwarf;
				ENABLE_STRICT_OBJC_MSGSEND = YES;
				ENABLE_TESTABILITY = YES;
				GCC_C_LANGUAGE_STANDARD = gnu99;
				GCC_DYNAMIC_NO_PIC = NO;
				GCC_NO_COMMON_BLOCKS = YES;
				GCC_OPTIMIZATION_LEVEL = 0;
				GCC_PREPROCESSOR_DEFINITIONS = (
					"DEBUG=1",
					"$(inherited)",
				);
				GCC_WARN_64_TO_32_BIT_CONVERSION = YES;
				GCC_WARN_ABOUT_RETURN_TYPE = YES_ERROR;
				GCC_WARN_UNDECLARED_SELECTOR = YES;
				GCC_WARN_UNINITIALIZED_AUTOS = YES_AGGRESSIVE;
				GCC_WARN_UNUSED_FUNCTION = YES;
				GCC_WARN_UNUSED_VARIABLE = YES;
				IPHONEOS_DEPLOYMENT_TARGET = 9.3;
				MTL_ENABLE_DEBUG_INFO = YES;
				ONLY_ACTIVE_ARCH = YES;
				SDKROOT = iphoneos;
				SWIFT_OPTIMIZATION_LEVEL = "-Onone";
				TARGETED_DEVICE_FAMILY = "1,2";
			};
			name = Debug;
		};
		FCD4238B1D4BD67B0089E3EA /* Release */ = {
			isa = XCBuildConfiguration;
			buildSettings = {
				ALWAYS_SEARCH_USER_PATHS = NO;
				CLANG_ANALYZER_NONNULL = YES;
				CLANG_CXX_LANGUAGE_STANDARD = "gnu++0x";
				CLANG_CXX_LIBRARY = "libc++";
				CLANG_ENABLE_MODULES = YES;
				CLANG_ENABLE_OBJC_ARC = YES;
				CLANG_WARN_BOOL_CONVERSION = YES;
				CLANG_WARN_CONSTANT_CONVERSION = YES;
				CLANG_WARN_DIRECT_OBJC_ISA_USAGE = YES_ERROR;
				CLANG_WARN_EMPTY_BODY = YES;
				CLANG_WARN_ENUM_CONVERSION = YES;
				CLANG_WARN_INT_CONVERSION = YES;
				CLANG_WARN_OBJC_ROOT_CLASS = YES_ERROR;
				CLANG_WARN_UNREACHABLE_CODE = YES;
				CLANG_WARN__DUPLICATE_METHOD_MATCH = YES;
				"CODE_SIGN_IDENTITY[sdk=iphoneos*]" = "iPhone Developer";
				COPY_PHASE_STRIP = NO;
				DEBUG_INFORMATION_FORMAT = "dwarf-with-dsym";
				ENABLE_NS_ASSERTIONS = NO;
				ENABLE_STRICT_OBJC_MSGSEND = YES;
				GCC_C_LANGUAGE_STANDARD = gnu99;
				GCC_NO_COMMON_BLOCKS = YES;
				GCC_WARN_64_TO_32_BIT_CONVERSION = YES;
				GCC_WARN_ABOUT_RETURN_TYPE = YES_ERROR;
				GCC_WARN_UNDECLARED_SELECTOR = YES;
				GCC_WARN_UNINITIALIZED_AUTOS = YES_AGGRESSIVE;
				GCC_WARN_UNUSED_FUNCTION = YES;
				GCC_WARN_UNUSED_VARIABLE = YES;
				IPHONEOS_DEPLOYMENT_TARGET = 9.3;
				MTL_ENABLE_DEBUG_INFO = NO;
				SDKROOT = iphoneos;
				TARGETED_DEVICE_FAMILY = "1,2";
				VALIDATE_PRODUCT = YES;
			};
			name = Release;
		};
		FCD4238D1D4BD67B0089E3EA /* Debug */ = {
			isa = XCBuildConfiguration;
			buildSettings = {
				ASSETCATALOG_COMPILER_APPICON_NAME = AppIcon;
				INFOPLIST_FILE = Sportz4Dayz/Info.plist;
				LD_RUNPATH_SEARCH_PATHS = "$(inherited) @executable_path/Frameworks";
				PRODUCT_BUNDLE_IDENTIFIER = "Bobby-Solberg.Sportz4Dayz";
				PRODUCT_NAME = "$(TARGET_NAME)";
			};
			name = Debug;
		};
		FCD4238E1D4BD67B0089E3EA /* Release */ = {
			isa = XCBuildConfiguration;
			buildSettings = {
				ASSETCATALOG_COMPILER_APPICON_NAME = AppIcon;
				INFOPLIST_FILE = Sportz4Dayz/Info.plist;
				LD_RUNPATH_SEARCH_PATHS = "$(inherited) @executable_path/Frameworks";
				PRODUCT_BUNDLE_IDENTIFIER = "Bobby-Solberg.Sportz4Dayz";
				PRODUCT_NAME = "$(TARGET_NAME)";
			};
			name = Release;
		};
/* End XCBuildConfiguration section */

/* Begin XCConfigurationList section */
		FCD423751D4BD67B0089E3EA /* Build configuration list for PBXProject "Sportz4Dayz" */ = {
			isa = XCConfigurationList;
			buildConfigurations = (
				FCD4238A1D4BD67B0089E3EA /* Debug */,
				FCD4238B1D4BD67B0089E3EA /* Release */,
			);
			defaultConfigurationIsVisible = 0;
			defaultConfigurationName = Release;
		};
		FCD4238C1D4BD67B0089E3EA /* Build configuration list for PBXNativeTarget "Sportz4Dayz" */ = {
			isa = XCConfigurationList;
			buildConfigurations = (
				FCD4238D1D4BD67B0089E3EA /* Debug */,
				FCD4238E1D4BD67B0089E3EA /* Release */,
			);
			defaultConfigurationIsVisible = 0;
		};
/* End XCConfigurationList section */
	};
	rootObject = FCD423721D4BD67B0089E3EA /* Project object */;
}
